dependencies:
- name: hcloud-csi
  repository: https://charts.hetzner.cloud
  version: 2.21.1
- name: traefik
  repository: https://traefik.github.io/charts
  version: 41.0.2
- name: cert-manager
  repository: https://charts.jetstack.io
  version: v1.19.6
- name: topolvm
  repository: https://topolvm.github.io/topolvm
  version: 17.2.0
digest: sha256:caa9884933bd5c16bd4bd0ef9f69dedc806e7396793e0d12f69e47e024737cf7
generated: "2026-10-06T01:08:56.041460185+01:00"
