dependencies:
- name: hcloud-csi
  repository: https://charts.hetzner.cloud
  version: 2.21.1
- name: traefik
  repository: https://traefik.github.io/charts
  version: 41.0.2
- name: cert-manager
  repository: https://charts.jetstack.io
  version: v1.19.6
digest: sha256:942bea82844a7a938f095bb6c59df5415ed53b10ec2c5b01b4bf034dbdb75aa0
generated: "2026-09-23T07:59:04.083721156+01:00"
